
Microsoft Visual Studio Solution File, Format Version 11.00
# Visual Studio 2010
Project("{8BC9CEB8-8B4A-11D0-8D11-00A0C91BC942}") = "manx", "manx.vcxproj", "{3E98F553-4EC0-4B58-A727-9E4762AEC265}"
EndProject
Project("{8BC9CEB8-8B4A-11D0-8D11-00A0C91BC942}") = "TestManx", "test\TestManx.vcxproj", "{D666B25E-3155-431D-A252-9A220BEF6DD1}"
EndProject
Global
	GlobalSection(SolutionConfigurationPlatforms) = preSolution
		Debug|Win32 = Debug|Win32
		Release|Win32 = Release|Win32
	EndGlobalSection
	GlobalSection(ProjectConfigurationPlatforms) = postSolution
		{3E98F553-4EC0-4B58-A727-9E4762AEC265}.Debug|Win32.ActiveCfg = Debug|Win32
		{3E98F553-4EC0-4B58-A727-9E4762AEC265}.Debug|Win32.Build.0 = Debug|Win32
		{3E98F553-4EC0-4B58-A727-9E4762AEC265}.Release|Win32.ActiveCfg = Release|Win32
		{3E98F553-4EC0-4B58-A727-9E4762AEC265}.Release|Win32.Build.0 = Release|Win32
		{D666B25E-3155-431D-A252-9A220BEF6DD1}.Debug|Win32.ActiveCfg = Debug|Win32
		{D666B25E-3155-431D-A252-9A220BEF6DD1}.Debug|Win32.Build.0 = Debug|Win32
		{D666B25E-3155-431D-A252-9A220BEF6DD1}.Release|Win32.ActiveCfg = Release|Win32
		{D666B25E-3155-431D-A252-9A220BEF6DD1}.Release|Win32.Build.0 = Release|Win32
	EndGlobalSection
	GlobalSection(SolutionProperties) = preSolution
		HideSolutionNode = FALSE
	EndGlobalSection
EndGlobal
